
Microsoft Visual Studio Solution File, Format Version 12.00
# Visual Studio Version 17
VisualStudioVersion = 17.4.33213.308
MinimumVisualStudioVersion = 10.0.40219.1
Project("{FAE04EC0-301F-11D3-BF4B-00C04F79EFBC}") = "AuthServer", "AuthServer\AuthServer.csproj", "{76EDC7DC-1214-467A-927D-42104D29FADE}"
EndProject
Global
	GlobalSection(SolutionConfigurationPlatforms) = preSolution
		Debug|Any CPU = Debug|Any CPU
		Release|Any CPU = Release|Any CPU
	EndGlobalSection
	GlobalSection(ProjectConfigurationPlatforms) = postSolution
		{76EDC7DC-1214-467A-927D-42104D29FADE}.Debug|Any CPU.ActiveCfg = Debug|Any CPU
		{76EDC7DC-1214-467A-927D-42104D29FADE}.Debug|Any CPU.Build.0 = Debug|Any CPU
		{76EDC7DC-1214-467A-927D-42104D29FADE}.Release|Any CPU.ActiveCfg = Release|Any CPU
		{76EDC7DC-1214-467A-927D-42104D29FADE}.Release|Any CPU.Build.0 = Release|Any CPU
	EndGlobalSection
	GlobalSection(SolutionProperties) = preSolution
		HideSolutionNode = FALSE
	EndGlobalSection
	GlobalSection(ExtensibilityGlobals) = postSolution
		SolutionGuid = {8D4E7822-0EB4-4917-938B-E40DD3092312}
	EndGlobalSection
EndGlobal
